# THIS IS AN AUTOGENERATED FILE. DO NOT EDIT THIS FILE DIRECTLY.
# yarn lockfile v1


"@types/unist@^2.0.0":
  version "2.0.3"
  resolved "https://registry.yarnpkg.com/@types/unist/-/unist-2.0.3.tgz#9c088679876f374eb5983f150d4787aa6fb32d7e"
  integrity sha512-FvUupuM3rlRsRtCN+fDudtmytGO6iHJuuRKS1Ss0pG5z8oX0diNEw94UEL7hgDbpN94rgaK5R7sWm6RrSkZuAQ==

bootstrap-icons@1.0.0-alpha3:
  version "1.0.0-alpha3"
  resolved "https://registry.yarnpkg.com/bootstrap-icons/-/bootstrap-icons-1.0.0-alpha3.tgz#413171e88b79315e712e6ab65601f64b1735d566"
  integrity sha512-UO++43jb/qlWVsC31WkHOjFsTihJkSz0wngnUS+P1ImcCMTqDJqDHySld+hpkzxi+q6fL8iom7nfT3ApAxZ6cQ==

svg-parser@^2.0.4:
  version "2.0.4"
  resolved "https://registry.yarnpkg.com/svg-parser/-/svg-parser-2.0.4.tgz#fdc2e29e13951736140b76cb122c8ee6630eb6b5"
  integrity sha512-e4hG1hRwoOdRb37cIMSgzNsxyzKfayW6VOflrwvR+/bzrkyxY/31WkbgnQpgtrNp1SdpJvpUAGTa/ZoiPNDuRQ==

svg-to-svelte@^0.3.5:
  version "0.3.5"
  resolved "https://registry.yarnpkg.com/svg-to-svelte/-/svg-to-svelte-0.3.5.tgz#c9accb49ebeccaf213ce28fe1cb64447cd9f278c"
  integrity sha512-tnO/w0aCxH+GPhZ23HbrGTJ86cMpUo4Ocy3GJaoyOQbYtKsWsbqSnPGIgNZa00Yz13mACThAdmpF0qElOWxT2w==
  dependencies:
    svg-parser "^2.0.4"
    unist-util-visit "^2.0.2"

unist-util-is@^4.0.0:
  version "4.0.2"
  resolved "https://registry.yarnpkg.com/unist-util-is/-/unist-util-is-4.0.2.tgz#c7d1341188aa9ce5b3cff538958de9895f14a5de"
  integrity sha512-Ofx8uf6haexJwI1gxWMGg6I/dLnF2yE+KibhD3/diOqY2TinLcqHXCV6OI5gFVn3xQqDH+u0M625pfKwIwgBKQ==

unist-util-visit-parents@^3.0.0:
  version "3.0.2"
  resolved "https://registry.yarnpkg.com/unist-util-visit-parents/-/unist-util-visit-parents-3.0.2.tgz#d4076af3011739c71d2ce99d05de37d545f4351d"
  integrity sha512-yJEfuZtzFpQmg1OSCyS9M5NJRrln/9FbYosH3iW0MG402QbdbaB8ZESwUv9RO6nRfLAKvWcMxCwdLWOov36x/g==
  dependencies:
    "@types/unist" "^2.0.0"
    unist-util-is "^4.0.0"

unist-util-visit@^2.0.2:
  version "2.0.2"
  resolved "https://registry.yarnpkg.com/unist-util-visit/-/unist-util-visit-2.0.2.tgz#3843782a517de3d2357b4c193b24af2d9366afb7"
  integrity sha512-HoHNhGnKj6y+Sq+7ASo2zpVdfdRifhTgX2KTU3B/sO/TTlZchp7E3S4vjRzDJ7L60KmrCPsQkVK3lEF3cz36XQ==
  dependencies:
    "@types/unist" "^2.0.0"
    unist-util-is "^4.0.0"
    unist-util-visit-parents "^3.0.0"
