# THIS IS AN AUTOGENERATED FILE. DO NOT EDIT THIS FILE DIRECTLY.
# yarn lockfile v1


bootstrap-icons@1.0.0-alpha5:
  version "1.0.0-alpha5"
  resolved "https://registry.npmjs.org/bootstrap-icons/-/bootstrap-icons-1.0.0-alpha5.tgz#24aec53f4097e23a7e05c964a55033ed12dab23c"
  integrity sha512-sQp4UESHOpN7UlkEUJmY4G8gmU4beTCv24azmOtN1vMSWTOuUZttB0269RD93JIjd4KmWb93MJaXjC6cAV5jiQ==

svelte@^3.24.0:
  version "3.24.0"
  resolved "https://registry.npmjs.org/svelte/-/svelte-3.24.0.tgz#6565a42c9705796fa66c6abb4fedc09f4323a4a8"
  integrity sha512-VFXom6EP2DK83kxy4ZlBbaZklSbZIrpNH3oNXlPYHJUuW4q1OuAr3ZoYbfIVTVYPDgrI7Yq0gQcOhDlAtO4qfw==

svg-to-svelte@1.0.0:
  version "1.0.0"
  resolved "https://registry.npmjs.org/svg-to-svelte/-/svg-to-svelte-1.0.0.tgz#39b2c91e6b32dea7373b0c8ef02bacffe30f3c96"
  integrity sha512-GzTopJxy0UK7dTpdgUB+LAgW6yrbDcyZMyoPcgvqUdAce24k1h+OzYGQANK0KksJvSxyX/+O6UkHsgB+lN83xQ==
  dependencies:
    svelte "^3.24.0"
